<Solution>
  <Folder Name="/ADRs/">
    <File Path="ADRs/ADR-01-Carlos-Llanes.md" />
  </Folder>
  <Folder Name="/Arq_Views/">
    <File Path="Arq_Views/VistaDesarrollo.png" />
    <File Path="Arq_Views/VistaDespliegue.png" />
    <File Path="Arq_Views/VistaLogica.png" />
    <File Path="Arq_Views/VistaProcesos.png" />
  </Folder>
  <Project Path="DojoFlow.API/DojoFlow.API.csproj" />
  <Project Path="DojoFlow.Application/DojoFlow.Application.csproj" />
  <Project Path="DojoFlow.Domain/DojoFlow.Domain.csproj" />
  <Project Path="DojoFlow.Infrastructure/DojoFlow.Infrastructure.csproj" />
</Solution>
